
Microsoft Visual Studio Solution File, Format Version 12.00
# Visual Studio Version 16
VisualStudioVersion = 16.0.28803.202
MinimumVisualStudioVersion = 10.0.40219.1
Project("{FAE04EC0-301F-11D3-BF4B-00C04F79EFBC}") = "ListsAndFiles", "ListsAndFiles\ListsAndFiles.csproj", "{7D6BCBA6-4C07-45C4-9397-AECFB1FF0870}"
EndProject
Global
	GlobalSection(SolutionConfigurationPlatforms) = preSolution
		Debug|Any CPU = Debug|Any CPU
		Release|Any CPU = Release|Any CPU
	EndGlobalSection
	GlobalSection(ProjectConfigurationPlatforms) = postSolution
		{7D6BCBA6-4C07-45C4-9397-AECFB1FF0870}.Debug|Any CPU.ActiveCfg = Debug|Any CPU
		{7D6BCBA6-4C07-45C4-9397-AECFB1FF0870}.Debug|Any CPU.Build.0 = Debug|Any CPU
		{7D6BCBA6-4C07-45C4-9397-AECFB1FF0870}.Release|Any CPU.ActiveCfg = Release|Any CPU
		{7D6BCBA6-4C07-45C4-9397-AECFB1FF0870}.Release|Any CPU.Build.0 = Release|Any CPU
	EndGlobalSection
	GlobalSection(SolutionProperties) = preSolution
		HideSolutionNode = FALSE
	EndGlobalSection
	GlobalSection(ExtensibilityGlobals) = postSolution
		SolutionGuid = {1BAE7F98-E1DE-4AE8-9C11-737097EA2B31}
	EndGlobalSection
EndGlobal
